// !$*UTF8*$!
{
	archiveVersion = 1;
	classes = {
	};
	objectVersion = 46;
	objects = {

/* Begin PBXBuildFile section */
		1B5A7582251F46A7CCDE4C2B /* Pods_Bike_V1_1Tests.framework in Frameworks */ = {isa = PBXBuildFile; fileRef = 1853EABFF949000A74D38DE4 /* Pods_Bike_V1_1Tests.framework */; };
		270FCB211D23405D003DFCF9 /* AppDelegate.swift in Sources */ = {isa = PBXBuildFile; fileRef = 270FCB201D23405D003DFCF9 /* AppDelegate.swift */; };
		270FCB281D23405D003DFCF9 /* Assets.xcassets in Resources */ = {isa = PBXBuildFile; fileRef = 270FCB271D23405D003DFCF9 /* Assets.xcassets */; };
		270FCB2B1D23405D003DFCF9 /* LaunchScreen.storyboard in Resources */ = {isa = PBXBuildFile; fileRef = 270FCB291D23405D003DFCF9 /* LaunchScreen.storyboard */; };
		270FCB361D23405D003DFCF9 /* Bike_V1_1Tests.swift in Sources */ = {isa = PBXBuildFile; fileRef = 270FCB351D23405D003DFCF9 /* Bike_V1_1Tests.swift */; };
		270FCB441D234081003DFCF9 /* CreateAccountViewController.swift in Sources */ = {isa = PBXBuildFile; fileRef = 270FCB401D234081003DFCF9 /* CreateAccountViewController.swift */; };
		270FCB461D234081003DFCF9 /* HomepageViewController.swift in Sources */ = {isa = PBXBuildFile; fileRef = 270FCB421D234081003DFCF9 /* HomepageViewController.swift */; };
		270FCB4B1D234095003DFCF9 /* userClass.swift in Sources */ = {isa = PBXBuildFile; fileRef = 270FCB491D234095003DFCF9 /* userClass.swift */; };
		270FCB511D23ACB0003DFCF9 /* BikeTableViewController.swift in Sources */ = {isa = PBXBuildFile; fileRef = 270FCB501D23ACB0003DFCF9 /* BikeTableViewController.swift */; };
		270FCB531D23AD7B003DFCF9 /* BikeTableViewCell.swift in Sources */ = {isa = PBXBuildFile; fileRef = 270FCB521D23AD7B003DFCF9 /* BikeTableViewCell.swift */; };
		270FCB571D244502003DFCF9 /* bikeClass.swift in Sources */ = {isa = PBXBuildFile; fileRef = 270FCB561D244502003DFCF9 /* bikeClass.swift */; };
		270FCB5B1D24D6A0003DFCF9 /* GoogleService-Info.plist in Resources */ = {isa = PBXBuildFile; fileRef = 270FCB5A1D24D6A0003DFCF9 /* GoogleService-Info.plist */; };
		270FCB5F1D26EB51003DFCF9 /* workoutClass.swift in Sources */ = {isa = PBXBuildFile; fileRef = 270FCB5E1D26EB51003DFCF9 /* workoutClass.swift */; };
		270FCB611D26EDEB003DFCF9 /* WorkoutsTableViewController.swift in Sources */ = {isa = PBXBuildFile; fileRef = 270FCB601D26EDEB003DFCF9 /* WorkoutsTableViewController.swift */; };
		270FCB631D26EDFF003DFCF9 /* WorkoutsTableViewCell.swift in Sources */ = {isa = PBXBuildFile; fileRef = 270FCB621D26EDFF003DFCF9 /* WorkoutsTableViewCell.swift */; };
		270FCB651D283209003DFCF9 /* Main.storyboard in Resources */ = {isa = PBXBuildFile; fileRef = 270FCB641D283209003DFCF9 /* Main.storyboard */; };
		270FCB671D297342003DFCF9 /* BikeDetailViewController.swift in Sources */ = {isa = PBXBuildFile; fileRef = 270FCB661D297342003DFCF9 /* BikeDetailViewController.swift */; };
		272AB3DB1D3D5B6100AAB067 /* WorkoutDetailViewController.swift in Sources */ = {isa = PBXBuildFile; fileRef = 272AB3DA1D3D5B6100AAB067 /* WorkoutDetailViewController.swift */; };
		276EF6741D47EC7000FEFC09 /* announcementsViewController.swift in Sources */ = {isa = PBXBuildFile; fileRef = 276EF6731D47EC7000FEFC09 /* announcementsViewController.swift */; };
		27CA42E41D42BF56005FEEE1 /* realGoRideViewController.swift in Sources */ = {isa = PBXBuildFile; fileRef = 27CA42E31D42BF56005FEEE1 /* realGoRideViewController.swift */; };
		FE042283AB1B5FB0CE77A14A /* Pods_Bike_V1_1.framework in Frameworks */ = {isa = PBXBuildFile; fileRef = D8DBDEA353CED0BE004CED65 /* Pods_Bike_V1_1.framework */; };
/* End PBXBuildFile section */

/* Begin PBXContainerItemProxy section */
		270FCB321D23405D003DFCF9 /* PBXContainerItemProxy */ = {
			isa = PBXContainerItemProxy;
			containerPortal = 270FCB151D23405D003DFCF9 /* Project object */;
			proxyType = 1;
			remoteGlobalIDString = 270FCB1C1D23405D003DFCF9;
			remoteInfo = "Bike V1.1";
		};
/* End PBXContainerItemProxy section */

/* Begin PBXFileReference section */
		1853EABFF949000A74D38DE4 /* Pods_Bike_V1_1Tests.framework */ = {isa = PBXFileReference; explicitFileType = wrapper.framework; includeInIndex = 0; path = Pods_Bike_V1_1Tests.framework; sourceTree = BUILT_PRODUCTS_DIR; };
		1FFC932701DDECF5A43867E9 /* Pods-Bike V1.1Tests.release.xcconfig */ = {isa = PBXFileReference; includeInIndex = 1; lastKnownFileType = text.xcconfig; name = "Pods-Bike V1.1Tests.release.xcconfig"; path = "Pods/Target Support Files/Pods-Bike V1.1Tests/Pods-Bike V1.1Tests.release.xcconfig"; sourceTree = "<group>"; };
		270D5FBB1D52D4090032B01A /* Bike V1.1.entitlements */ = {isa = PBXFileReference; lastKnownFileType = text.plist.entitlements; path = "Bike V1.1.entitlements"; sourceTree = "<group>"; };
		270FCB1D1D23405D003DFCF9 /* Bike V1.1.app */ = {isa = PBXFileReference; explicitFileType = wrapper.application; includeInIndex = 0; path = "Bike V1.1.app"; sourceTree = BUILT_PRODUCTS_DIR; };
		270FCB201D23405D003DFCF9 /* AppDelegate.swift */ = {isa = PBXFileReference; lastKnownFileType = sourcecode.swift; path = AppDelegate.swift; sourceTree = "<group>"; };
		270FCB271D23405D003DFCF9 /* Assets.xcassets */ = {isa = PBXFileReference; lastKnownFileType = folder.assetcatalog; path = Assets.xcassets; sourceTree = "<group>"; };
		270FCB2A1D23405D003DFCF9 /* Base */ = {isa = PBXFileReference; lastKnownFileType = file.storyboard; name = Base; path = Base.lproj/LaunchScreen.storyboard; sourceTree = "<group>"; };
		270FCB2C1D23405D003DFCF9 /* Info.plist */ = {isa = PBXFileReference; lastKnownFileType = text.plist.xml; path = Info.plist; sourceTree = "<group>"; };
		270FCB311D23405D003DFCF9 /* Bike V1.1Tests.xctest */ = {isa = PBXFileReference; explicitFileType = wrapper.cfbundle; includeInIndex = 0; path = "Bike V1.1Tests.xctest"; sourceTree = BUILT_PRODUCTS_DIR; };
		270FCB351D23405D003DFCF9 /* Bike_V1_1Tests.swift */ = {isa = PBXFileReference; lastKnownFileType = sourcecode.swift; path = Bike_V1_1Tests.swift; sourceTree = "<group>"; };
		270FCB371D23405D003DFCF9 /* Info.plist */ = {isa = PBXFileReference; lastKnownFileType = text.plist.xml; path = Info.plist; sourceTree = "<group>"; };
		270FCB401D234081003DFCF9 /* CreateAccountViewController.swift */ = {isa = PBXFileReference; fileEncoding = 4; lastKnownFileType = sourcecode.swift; name = CreateAccountViewController.swift; path = ../CreateAccountViewController.swift; sourceTree = "<group>"; };
		270FCB421D234081003DFCF9 /* HomepageViewController.swift */ = {isa = PBXFileReference; fileEncoding = 4; lastKnownFileType = sourcecode.swift; name = HomepageViewController.swift; path = ../HomepageViewController.swift; sourceTree = "<group>"; };
		270FCB491D234095003DFCF9 /* userClass.swift */ = {isa = PBXFileReference; fileEncoding = 4; lastKnownFileType = sourcecode.swift; name = userClass.swift; path = ../userClass.swift; sourceTree = "<group>"; };
		270FCB501D23ACB0003DFCF9 /* BikeTableViewController.swift */ = {isa = PBXFileReference; fileEncoding = 4; lastKnownFileType = sourcecode.swift; path = BikeTableViewController.swift; sourceTree = "<group>"; };
		270FCB521D23AD7B003DFCF9 /* BikeTableViewCell.swift */ = {isa = PBXFileReference; fileEncoding = 4; lastKnownFileType = sourcecode.swift; path = BikeTableViewCell.swift; sourceTree = "<group>"; };
		270FCB561D244502003DFCF9 /* bikeClass.swift */ = {isa = PBXFileReference; fileEncoding = 4; lastKnownFileType = sourcecode.swift; path = bikeClass.swift; sourceTree = "<group>"; };
		270FCB5A1D24D6A0003DFCF9 /* GoogleService-Info.plist */ = {isa = PBXFileReference; fileEncoding = 4; lastKnownFileType = text.plist.xml; path = "GoogleService-Info.plist"; sourceTree = "<group>"; };
		270FCB5E1D26EB51003DFCF9 /* workoutClass.swift */ = {isa = PBXFileReference; fileEncoding = 4; lastKnownFileType = sourcecode.swift; path = workoutClass.swift; sourceTree = "<group>"; };
		270FCB601D26EDEB003DFCF9 /* WorkoutsTableViewController.swift */ = {isa = PBXFileReference; fileEncoding = 4; lastKnownFileType = sourcecode.swift; path = WorkoutsTableViewController.swift; sourceTree = "<group>"; };
		270FCB621D26EDFF003DFCF9 /* WorkoutsTableViewCell.swift */ = {isa = PBXFileReference; fileEncoding = 4; lastKnownFileType = sourcecode.swift; path = WorkoutsTableViewCell.swift; sourceTree = "<group>"; };
		270FCB641D283209003DFCF9 /* Main.storyboard */ = {isa = PBXFileReference; fileEncoding = 4; lastKnownFileType = file.storyboard; path = Main.storyboard; sourceTree = "<group>"; };
		270FCB661D297342003DFCF9 /* BikeDetailViewController.swift */ = {isa = PBXFileReference; fileEncoding = 4; lastKnownFileType = sourcecode.swift; path = BikeDetailViewController.swift; sourceTree = "<group>"; };
		272AB3DA1D3D5B6100AAB067 /* WorkoutDetailViewController.swift */ = {isa = PBXFileReference; fileEncoding = 4; lastKnownFileType = sourcecode.swift; path = WorkoutDetailViewController.swift; sourceTree = "<group>"; };
		272F1C181D3F2BC4009DF18B /* Bike-V1-1-Bridging-Header.h */ = {isa = PBXFileReference; lastKnownFileType = sourcecode.c.h; name = "Bike-V1-1-Bridging-Header.h"; path = "../Bike-V1-1-Bridging-Header.h"; sourceTree = "<group>"; };
		276EF6731D47EC7000FEFC09 /* announcementsViewController.swift */ = {isa = PBXFileReference; fileEncoding = 4; lastKnownFileType = sourcecode.swift; path = announcementsViewController.swift; sourceTree = "<group>"; };
		27CA42E31D42BF56005FEEE1 /* realGoRideViewController.swift */ = {isa = PBXFileReference; fileEncoding = 4; lastKnownFileType = sourcecode.swift; path = realGoRideViewController.swift; sourceTree = "<group>"; };
		2A2559F3A7B9396C3C19C33E /* Pods-Bike V1.1.release.xcconfig */ = {isa = PBXFileReference; includeInIndex = 1; lastKnownFileType = text.xcconfig; name = "Pods-Bike V1.1.release.xcconfig"; path = "Pods/Target Support Files/Pods-Bike V1.1/Pods-Bike V1.1.release.xcconfig"; sourceTree = "<group>"; };
		6DD976B14511F57E3C89903F /* Pods-Bike V1.1Tests.debug.xcconfig */ = {isa = PBXFileReference; includeInIndex = 1; lastKnownFileType = text.xcconfig; name = "Pods-Bike V1.1Tests.debug.xcconfig"; path = "Pods/Target Support Files/Pods-Bike V1.1Tests/Pods-Bike V1.1Tests.debug.xcconfig"; sourceTree = "<group>"; };
		CD4E4C7AB69A12893695AEDE /* Pods-Bike V1.1.debug.xcconfig */ = {isa = PBXFileReference; includeInIndex = 1; lastKnownFileType = text.xcconfig; name = "Pods-Bike V1.1.debug.xcconfig"; path = "Pods/Target Support Files/Pods-Bike V1.1/Pods-Bike V1.1.debug.xcconfig"; sourceTree = "<group>"; };
		D8DBDEA353CED0BE004CED65 /* Pods_Bike_V1_1.framework */ = {isa = PBXFileReference; explicitFileType = wrapper.framework; includeInIndex = 0; path = Pods_Bike_V1_1.framework; sourceTree = BUILT_PRODUCTS_DIR; };
/* End PBXFileReference section */

/* Begin PBXFrameworksBuildPhase section */
		270FCB1A1D23405D003DFCF9 /* Frameworks */ = {
			isa = PBXFrameworksBuildPhase;
			buildActionMask = 2147483647;
			files = (
				FE042283AB1B5FB0CE77A14A /* Pods_Bike_V1_1.framework in Frameworks */,
			);
			runOnlyForDeploymentPostprocessing = 0;
		};
		270FCB2E1D23405D003DFCF9 /* Frameworks */ = {
			isa = PBXFrameworksBuildPhase;
			buildActionMask = 2147483647;
			files = (
				1B5A7582251F46A7CCDE4C2B /* Pods_Bike_V1_1Tests.framework in Frameworks */,
			);
			runOnlyForDeploymentPostprocessing = 0;
		};
/* End PBXFrameworksBuildPhase section */

/* Begin PBXGroup section */
		137B771FE6524D76AF5F86FA /* Pods */ = {
			isa = PBXGroup;
			children = (
				CD4E4C7AB69A12893695AEDE /* Pods-Bike V1.1.debug.xcconfig */,
				2A2559F3A7B9396C3C19C33E /* Pods-Bike V1.1.release.xcconfig */,
				6DD976B14511F57E3C89903F /* Pods-Bike V1.1Tests.debug.xcconfig */,
				1FFC932701DDECF5A43867E9 /* Pods-Bike V1.1Tests.release.xcconfig */,
			);
			name = Pods;
			sourceTree = "<group>";
		};
		270FCB141D23405D003DFCF9 = {
			isa = PBXGroup;
			children = (
				270FCB1F1D23405D003DFCF9 /* Bike V1.1 */,
				270FCB341D23405D003DFCF9 /* Bike V1.1Tests */,
				270FCB1E1D23405D003DFCF9 /* Products */,
				137B771FE6524D76AF5F86FA /* Pods */,
				DFEBCB41142EA420D13A1C45 /* Frameworks */,
			);
			sourceTree = "<group>";
		};
		270FCB1E1D23405D003DFCF9 /* Products */ = {
			isa = PBXGroup;
			children = (
				270FCB1D1D23405D003DFCF9 /* Bike V1.1.app */,
				270FCB311D23405D003DFCF9 /* Bike V1.1Tests.xctest */,
			);
			name = Products;
			sourceTree = "<group>";
		};
		270FCB1F1D23405D003DFCF9 /* Bike V1.1 */ = {
			isa = PBXGroup;
			children = (
				270D5FBB1D52D4090032B01A /* Bike V1.1.entitlements */,
				270FCB641D283209003DFCF9 /* Main.storyboard */,
				270FCB401D234081003DFCF9 /* CreateAccountViewController.swift */,
				270FCB421D234081003DFCF9 /* HomepageViewController.swift */,
				276EF6731D47EC7000FEFC09 /* announcementsViewController.swift */,
				27CA42E31D42BF56005FEEE1 /* realGoRideViewController.swift */,
				270FCB501D23ACB0003DFCF9 /* BikeTableViewController.swift */,
				270FCB521D23AD7B003DFCF9 /* BikeTableViewCell.swift */,
				270FCB661D297342003DFCF9 /* BikeDetailViewController.swift */,
				270FCB601D26EDEB003DFCF9 /* WorkoutsTableViewController.swift */,
				272AB3DA1D3D5B6100AAB067 /* WorkoutDetailViewController.swift */,
				270FCB621D26EDFF003DFCF9 /* WorkoutsTableViewCell.swift */,
				270FCB271D23405D003DFCF9 /* Assets.xcassets */,
				270FCB201D23405D003DFCF9 /* AppDelegate.swift */,
				270FCB491D234095003DFCF9 /* userClass.swift */,
				270FCB561D244502003DFCF9 /* bikeClass.swift */,
				270FCB5E1D26EB51003DFCF9 /* workoutClass.swift */,
				270FCB291D23405D003DFCF9 /* LaunchScreen.storyboard */,
				270FCB2C1D23405D003DFCF9 /* Info.plist */,
				270FCB5A1D24D6A0003DFCF9 /* GoogleService-Info.plist */,
				272F1C181D3F2BC4009DF18B /* Bike-V1-1-Bridging-Header.h */,
			);
			path = "Bike V1.1";
			sourceTree = "<group>";
		};
		270FCB341D23405D003DFCF9 /* Bike V1.1Tests */ = {
			isa = PBXGroup;
			children = (
				270FCB351D23405D003DFCF9 /* Bike_V1_1Tests.swift */,
				270FCB371D23405D003DFCF9 /* Info.plist */,
			);
			path = "Bike V1.1Tests";
			sourceTree = "<group>";
		};
		DFEBCB41142EA420D13A1C45 /* Frameworks */ = {
			isa = PBXGroup;
			children = (
				D8DBDEA353CED0BE004CED65 /* Pods_Bike_V1_1.framework */,
				1853EABFF949000A74D38DE4 /* Pods_Bike_V1_1Tests.framework */,
			);
			name = Frameworks;
			sourceTree = "<group>";
		};
/* End PBXGroup section */

/* Begin PBXNativeTarget section */
		270FCB1C1D23405D003DFCF9 /* Bike V1.1 */ = {
			isa = PBXNativeTarget;
			buildConfigurationList = 270FCB3A1D23405D003DFCF9 /* Build configuration list for PBXNativeTarget "Bike V1.1" */;
			buildPhases = (
				9B1CEA8C337FCB777A510605 /* [CP] Check Pods Manifest.lock */,
				270FCB191D23405D003DFCF9 /* Sources */,
				270FCB1A1D23405D003DFCF9 /* Frameworks */,
				270FCB1B1D23405D003DFCF9 /* Resources */,
				2214BD6CF1A06974C54BF510 /* [CP] Embed Pods Frameworks */,
				84B36DB3E69E2159E689F71E /* [CP] Copy Pods Resources */,
			);
			buildRules = (
			);
			dependencies = (
			);
			name = "Bike V1.1";
			productName = "Bike V1.1";
			productReference = 270FCB1D1D23405D003DFCF9 /* Bike V1.1.app */;
			productType = "com.apple.product-type.application";
		};
		270FCB301D23405D003DFCF9 /* Bike V1.1Tests */ = {
			isa = PBXNativeTarget;
			buildConfigurationList = 270FCB3D1D23405D003DFCF9 /* Build configuration list for PBXNativeTarget "Bike V1.1Tests" */;
			buildPhases = (
				7F76853B10CBB902AAE442AA /* [CP] Check Pods Manifest.lock */,
				270FCB2D1D23405D003DFCF9 /* Sources */,
				270FCB2E1D23405D003DFCF9 /* Frameworks */,
				270FCB2F1D23405D003DFCF9 /* Resources */,
				9B9F9E366D20AE976A5394A5 /* [CP] Embed Pods Frameworks */,
				9DF97DAF7C243F99F1A9D0E2 /* [CP] Copy Pods Resources */,
			);
			buildRules = (
			);
			dependencies = (
				270FCB331D23405D003DFCF9 /* PBXTargetDependency */,
			);
			name = "Bike V1.1Tests";
			productName = "Bike V1.1Tests";
			productReference = 270FCB311D23405D003DFCF9 /* Bike V1.1Tests.xctest */;
			productType = "com.apple.product-type.bundle.unit-test";
		};
/* End PBXNativeTarget section */

/* Begin PBXProject section */
		270FCB151D23405D003DFCF9 /* Project object */ = {
			isa = PBXProject;
			attributes = {
				LastSwiftUpdateCheck = 0730;
				LastUpgradeCheck = 0730;
				ORGANIZATIONNAME = "David Cai";
				TargetAttributes = {
					270FCB1C1D23405D003DFCF9 = {
						CreatedOnToolsVersion = 7.3.1;
						DevelopmentTeam = 365K6R64X6;
						LastSwiftMigration = 0800;
						SystemCapabilities = {
							com.apple.BackgroundModes = {
								enabled = 1;
							};
							com.apple.Push = {
								enabled = 1;
							};
						};
					};
					270FCB301D23405D003DFCF9 = {
						CreatedOnToolsVersion = 7.3.1;
						LastSwiftMigration = 0800;
						TestTargetID = 270FCB1C1D23405D003DFCF9;
					};
				};
			};
			buildConfigurationList = 270FCB181D23405D003DFCF9 /* Build configuration list for PBXProject "Bike V1.1" */;
			compatibilityVersion = "Xcode 3.2";
			developmentRegion = English;
			hasScannedForEncodings = 0;
			knownRegions = (
				en,
				Base,
			);
			mainGroup = 270FCB141D23405D003DFCF9;
			productRefGroup = 270FCB1E1D23405D003DFCF9 /* Products */;
			projectDirPath = "";
			projectRoot = "";
			targets = (
				270FCB1C1D23405D003DFCF9 /* Bike V1.1 */,
				270FCB301D23405D003DFCF9 /* Bike V1.1Tests */,
			);
		};
/* End PBXProject section */

/* Begin PBXResourcesBuildPhase section */
		270FCB1B1D23405D003DFCF9 /* Resources */ = {
			isa = PBXResourcesBuildPhase;
			buildActionMask = 2147483647;
			files = (
				270FCB2B1D23405D003DFCF9 /* LaunchScreen.storyboard in Resources */,
				270FCB281D23405D003DFCF9 /* Assets.xcassets in Resources */,
				270FCB5B1D24D6A0003DFCF9 /* GoogleService-Info.plist in Resources */,
				270FCB651D283209003DFCF9 /* Main.storyboard in Resources */,
			);
			runOnlyForDeploymentPostprocessing = 0;
		};
		270FCB2F1D23405D003DFCF9 /* Resources */ = {
			isa = PBXResourcesBuildPhase;
			buildActionMask = 2147483647;
			files = (
			);
			runOnlyForDeploymentPostprocessing = 0;
		};
/* End PBXResourcesBuildPhase section */

/* Begin PBXShellScriptBuildPhase section */
		2214BD6CF1A06974C54BF510 /* [CP] Embed Pods Frameworks */ = {
			isa = PBXShellScriptBuildPhase;
			buildActionMask = 2147483647;
			files = (
			);
			inputPaths = (
			);
			name = "[CP] Embed Pods Frameworks";
			outputPaths = (
			);
			runOnlyForDeploymentPostprocessing = 0;
			shellPath = /bin/sh;
			shellScript = "\"${SRCROOT}/Pods/Target Support Files/Pods-Bike V1.1/Pods-Bike V1.1-frameworks.sh\"\n";
			showEnvVarsInLog = 0;
		};
		7F76853B10CBB902AAE442AA /* [CP] Check Pods Manifest.lock */ = {
			isa = PBXShellScriptBuildPhase;
			buildActionMask = 2147483647;
			files = (
			);
			inputPaths = (
			);
			name = "[CP] Check Pods Manifest.lock";
			outputPaths = (
			);
			runOnlyForDeploymentPostprocessing = 0;
			shellPath = /bin/sh;
			shellScript = "diff \"${PODS_ROOT}/../Podfile.lock\" \"${PODS_ROOT}/Manifest.lock\" > /dev/null\nif [[ $? != 0 ]] ; then\n    cat << EOM\nerror: The sandbox is not in sync with the Podfile.lock. Run 'pod install' or update your CocoaPods installation.\nEOM\n    exit 1\nfi\n";
			showEnvVarsInLog = 0;
		};
		84B36DB3E69E2159E689F71E /* [CP] Copy Pods Resources */ = {
			isa = PBXShellScriptBuildPhase;
			buildActionMask = 2147483647;
			files = (
			);
			inputPaths = (
			);
			name = "[CP] Copy Pods Resources";
			outputPaths = (
			);
			runOnlyForDeploymentPostprocessing = 0;
			shellPath = /bin/sh;
			shellScript = "\"${SRCROOT}/Pods/Target Support Files/Pods-Bike V1.1/Pods-Bike V1.1-resources.sh\"\n";
			showEnvVarsInLog = 0;
		};
		9B1CEA8C337FCB777A510605 /* [CP] Check Pods Manifest.lock */ = {
			isa = PBXShellScriptBuildPhase;
			buildActionMask = 2147483647;
			files = (
			);
			inputPaths = (
			);
			name = "[CP] Check Pods Manifest.lock";
			outputPaths = (
			);
			runOnlyForDeploymentPostprocessing = 0;
			shellPath = /bin/sh;
			shellScript = "diff \"${PODS_ROOT}/../Podfile.lock\" \"${PODS_ROOT}/Manifest.lock\" > /dev/null\nif [[ $? != 0 ]] ; then\n    cat << EOM\nerror: The sandbox is not in sync with the Podfile.lock. Run 'pod install' or update your CocoaPods installation.\nEOM\n    exit 1\nfi\n";
			showEnvVarsInLog = 0;
		};
		9B9F9E366D20AE976A5394A5 /* [CP] Embed Pods Frameworks */ = {
			isa = PBXShellScriptBuildPhase;
			buildActionMask = 2147483647;
			files = (
			);
			inputPaths = (
			);
			name = "[CP] Embed Pods Frameworks";
			outputPaths = (
			);
			runOnlyForDeploymentPostprocessing = 0;
			shellPath = /bin/sh;
			shellScript = "\"${SRCROOT}/Pods/Target Support Files/Pods-Bike V1.1Tests/Pods-Bike V1.1Tests-frameworks.sh\"\n";
			showEnvVarsInLog = 0;
		};
		9DF97DAF7C243F99F1A9D0E2 /* [CP] Copy Pods Resources */ = {
			isa = PBXShellScriptBuildPhase;
			buildActionMask = 2147483647;
			files = (
			);
			inputPaths = (
			);
			name = "[CP] Copy Pods Resources";
			outputPaths = (
			);
			runOnlyForDeploymentPostprocessing = 0;
			shellPath = /bin/sh;
			shellScript = "\"${SRCROOT}/Pods/Target Support Files/Pods-Bike V1.1Tests/Pods-Bike V1.1Tests-resources.sh\"\n";
			showEnvVarsInLog = 0;
		};
/* End PBXShellScriptBuildPhase section */

/* Begin PBXSourcesBuildPhase section */
		270FCB191D23405D003DFCF9 /* Sources */ = {
			isa = PBXSourcesBuildPhase;
			buildActionMask = 2147483647;
			files = (
				27CA42E41D42BF56005FEEE1 /* realGoRideViewController.swift in Sources */,
				270FCB461D234081003DFCF9 /* HomepageViewController.swift in Sources */,
				270FCB441D234081003DFCF9 /* CreateAccountViewController.swift in Sources */,
				270FCB671D297342003DFCF9 /* BikeDetailViewController.swift in Sources */,
				270FCB531D23AD7B003DFCF9 /* BikeTableViewCell.swift in Sources */,
				270FCB511D23ACB0003DFCF9 /* BikeTableViewController.swift in Sources */,
				270FCB611D26EDEB003DFCF9 /* WorkoutsTableViewController.swift in Sources */,
				276EF6741D47EC7000FEFC09 /* announcementsViewController.swift in Sources */,
				270FCB571D244502003DFCF9 /* bikeClass.swift in Sources */,
				270FCB211D23405D003DFCF9 /* AppDelegate.swift in Sources */,
				270FCB5F1D26EB51003DFCF9 /* workoutClass.swift in Sources */,
				270FCB4B1D234095003DFCF9 /* userClass.swift in Sources */,
				270FCB631D26EDFF003DFCF9 /* WorkoutsTableViewCell.swift in Sources */,
				272AB3DB1D3D5B6100AAB067 /* WorkoutDetailViewController.swift in Sources */,
			);
			runOnlyForDeploymentPostprocessing = 0;
		};
		270FCB2D1D23405D003DFCF9 /* Sources */ = {
			isa = PBXSourcesBuildPhase;
			buildActionMask = 2147483647;
			files = (
				270FCB361D23405D003DFCF9 /* Bike_V1_1Tests.swift in Sources */,
			);
			runOnlyForDeploymentPostprocessing = 0;
		};
/* End PBXSourcesBuildPhase section */

/* Begin PBXTargetDependency section */
		270FCB331D23405D003DFCF9 /* PBXTargetDependency */ = {
			isa = PBXTargetDependency;
			target = 270FCB1C1D23405D003DFCF9 /* Bike V1.1 */;
			targetProxy = 270FCB321D23405D003DFCF9 /* PBXContainerItemProxy */;
		};
/* End PBXTargetDependency section */

/* Begin PBXVariantGroup section */
		270FCB291D23405D003DFCF9 /* LaunchScreen.storyboard */ = {
			isa = PBXVariantGroup;
			children = (
				270FCB2A1D23405D003DFCF9 /* Base */,
			);
			name = LaunchScreen.storyboard;
			sourceTree = "<group>";
		};
/* End PBXVariantGroup section */

/* Begin XCBuildConfiguration section */
		270FCB381D23405D003DFCF9 /* Debug */ = {
			isa = XCBuildConfiguration;
			buildSettings = {
				ALWAYS_SEARCH_USER_PATHS = NO;
				CLANG_ANALYZER_NONNULL = YES;
				CLANG_CXX_LANGUAGE_STANDARD = "gnu++0x";
				CLANG_CXX_LIBRARY = "libc++";
				CLANG_ENABLE_MODULES = YES;
				CLANG_ENABLE_OBJC_ARC = YES;
				CLANG_WARN_BOOL_CONVERSION = YES;
				CLANG_WARN_CONSTANT_CONVERSION = YES;
				CLANG_WARN_DIRECT_OBJC_ISA_USAGE = YES_ERROR;
				CLANG_WARN_EMPTY_BODY = YES;
				CLANG_WARN_ENUM_CONVERSION = YES;
				CLANG_WARN_INT_CONVERSION = YES;
				CLANG_WARN_OBJC_ROOT_CLASS = YES_ERROR;
				CLANG_WARN_UNREACHABLE_CODE = YES;
				CLANG_WARN__DUPLICATE_METHOD_MATCH = YES;
				"CODE_SIGN_IDENTITY[sdk=iphoneos*]" = "iPhone Developer";
				COPY_PHASE_STRIP = NO;
				DEBUG_INFORMATION_FORMAT = dwarf;
				ENABLE_STRICT_OBJC_MSGSEND = YES;
				ENABLE_TESTABILITY = YES;
				GCC_C_LANGUAGE_STANDARD = gnu99;
				GCC_DYNAMIC_NO_PIC = NO;
				GCC_NO_COMMON_BLOCKS = YES;
				GCC_OPTIMIZATION_LEVEL = 0;
				GCC_PREPROCESSOR_DEFINITIONS = (
					"DEBUG=1",
					"$(inherited)",
				);
				GCC_WARN_64_TO_32_BIT_CONVERSION = YES;
				GCC_WARN_ABOUT_RETURN_TYPE = YES_ERROR;
				GCC_WARN_UNDECLARED_SELECTOR = YES;
				GCC_WARN_UNINITIALIZED_AUTOS = YES_AGGRESSIVE;
				GCC_WARN_UNUSED_FUNCTION = YES;
				GCC_WARN_UNUSED_VARIABLE = YES;
				IPHONEOS_DEPLOYMENT_TARGET = 9.3;
				MTL_ENABLE_DEBUG_INFO = YES;
				ONLY_ACTIVE_ARCH = YES;
				SDKROOT = iphoneos;
				SWIFT_OPTIMIZATION_LEVEL = "-Onone";
				TARGETED_DEVICE_FAMILY = "1,2";
			};
			name = Debug;
		};
		270FCB391D23405D003DFCF9 /* Release */ = {
			isa = XCBuildConfiguration;
			buildSettings = {
				ALWAYS_SEARCH_USER_PATHS = NO;
				CLANG_ANALYZER_NONNULL = YES;
				CLANG_CXX_LANGUAGE_STANDARD = "gnu++0x";
				CLANG_CXX_LIBRARY = "libc++";
				CLANG_ENABLE_MODULES = YES;
				CLANG_ENABLE_OBJC_ARC = YES;
				CLANG_WARN_BOOL_CONVERSION = YES;
				CLANG_WARN_CONSTANT_CONVERSION = YES;
				CLANG_WARN_DIRECT_OBJC_ISA_USAGE = YES_ERROR;
				CLANG_WARN_EMPTY_BODY = YES;
				CLANG_WARN_ENUM_CONVERSION = YES;
				CLANG_WARN_INT_CONVERSION = YES;
				CLANG_WARN_OBJC_ROOT_CLASS = YES_ERROR;
				CLANG_WARN_UNREACHABLE_CODE = YES;
				CLANG_WARN__DUPLICATE_METHOD_MATCH = YES;
				"CODE_SIGN_IDENTITY[sdk=iphoneos*]" = "iPhone Developer";
				COPY_PHASE_STRIP = NO;
				DEBUG_INFORMATION_FORMAT = "dwarf-with-dsym";
				ENABLE_NS_ASSERTIONS = NO;
				ENABLE_STRICT_OBJC_MSGSEND = YES;
				GCC_C_LANGUAGE_STANDARD = gnu99;
				GCC_NO_COMMON_BLOCKS = YES;
				GCC_WARN_64_TO_32_BIT_CONVERSION = YES;
				GCC_WARN_ABOUT_RETURN_TYPE = YES_ERROR;
				GCC_WARN_UNDECLARED_SELECTOR = YES;
				GCC_WARN_UNINITIALIZED_AUTOS = YES_AGGRESSIVE;
				GCC_WARN_UNUSED_FUNCTION = YES;
				GCC_WARN_UNUSED_VARIABLE = YES;
				IPHONEOS_DEPLOYMENT_TARGET = 9.3;
				MTL_ENABLE_DEBUG_INFO = NO;
				SDKROOT = iphoneos;
				TARGETED_DEVICE_FAMILY = "1,2";
				VALIDATE_PRODUCT = YES;
			};
			name = Release;
		};
		270FCB3B1D23405D003DFCF9 /* Debug */ = {
			isa = XCBuildConfiguration;
			baseConfigurationReference = CD4E4C7AB69A12893695AEDE /* Pods-Bike V1.1.debug.xcconfig */;
			buildSettings = {
				ASSETCATALOG_COMPILER_APPICON_NAME = AppIcon;
				CODE_SIGN_ENTITLEMENTS = "Bike V1.1/Bike V1.1.entitlements";
				CODE_SIGN_IDENTITY = "iPhone Developer";
				"CODE_SIGN_IDENTITY[sdk=iphoneos*]" = "iPhone Developer";
				INFOPLIST_FILE = "Bike V1.1/Info.plist";
				LD_RUNPATH_SEARCH_PATHS = "$(inherited) @executable_path/Frameworks";
				PRODUCT_BUNDLE_IDENTIFIER = "Bike-V1-1";
				PRODUCT_NAME = "$(TARGET_NAME)";
				PROVISIONING_PROFILE = "";
				SWIFT_OBJC_BRIDGING_HEADER = "Bike-V1-1-Bridging-Header.h";
				SWIFT_VERSION = 2.3;
				TARGETED_DEVICE_FAMILY = 1;
			};
			name = Debug;
		};
		270FCB3C1D23405D003DFCF9 /* Release */ = {
			isa = XCBuildConfiguration;
			baseConfigurationReference = 2A2559F3A7B9396C3C19C33E /* Pods-Bike V1.1.release.xcconfig */;
			buildSettings = {
				ASSETCATALOG_COMPILER_APPICON_NAME = AppIcon;
				CODE_SIGN_ENTITLEMENTS = "Bike V1.1/Bike V1.1.entitlements";
				CODE_SIGN_IDENTITY = "iPhone Developer";
				"CODE_SIGN_IDENTITY[sdk=iphoneos*]" = "iPhone Developer";
				INFOPLIST_FILE = "Bike V1.1/Info.plist";
				LD_RUNPATH_SEARCH_PATHS = "$(inherited) @executable_path/Frameworks";
				PRODUCT_BUNDLE_IDENTIFIER = "Bike-V1-1";
				PRODUCT_NAME = "$(TARGET_NAME)";
				PROVISIONING_PROFILE = "";
				SWIFT_OBJC_BRIDGING_HEADER = "Bike-V1-1-Bridging-Header.h";
				SWIFT_VERSION = 2.3;
				TARGETED_DEVICE_FAMILY = 1;
			};
			name = Release;
		};
		270FCB3E1D23405D003DFCF9 /* Debug */ = {
			isa = XCBuildConfiguration;
			baseConfigurationReference = 6DD976B14511F57E3C89903F /* Pods-Bike V1.1Tests.debug.xcconfig */;
			buildSettings = {
				BUNDLE_LOADER = "$(TEST_HOST)";
				INFOPLIST_FILE = "Bike V1.1Tests/Info.plist";
				LD_RUNPATH_SEARCH_PATHS = "$(inherited) @executable_path/Frameworks @loader_path/Frameworks";
				PRODUCT_BUNDLE_IDENTIFIER = "l.Bike-V1-1Tests";
				PRODUCT_NAME = "$(TARGET_NAME)";
				SWIFT_VERSION = 2.3;
				TEST_HOST = "$(BUILT_PRODUCTS_DIR)/Bike V1.1.app/Bike V1.1";
			};
			name = Debug;
		};
		270FCB3F1D23405D003DFCF9 /* Release */ = {
			isa = XCBuildConfiguration;
			baseConfigurationReference = 1FFC932701DDECF5A43867E9 /* Pods-Bike V1.1Tests.release.xcconfig */;
			buildSettings = {
				BUNDLE_LOADER = "$(TEST_HOST)";
				INFOPLIST_FILE = "Bike V1.1Tests/Info.plist";
				LD_RUNPATH_SEARCH_PATHS = "$(inherited) @executable_path/Frameworks @loader_path/Frameworks";
				PRODUCT_BUNDLE_IDENTIFIER = "l.Bike-V1-1Tests";
				PRODUCT_NAME = "$(TARGET_NAME)";
				SWIFT_VERSION = 2.3;
				TEST_HOST = "$(BUILT_PRODUCTS_DIR)/Bike V1.1.app/Bike V1.1";
			};
			name = Release;
		};
/* End XCBuildConfiguration section */

/* Begin XCConfigurationList section */
		270FCB181D23405D003DFCF9 /* Build configuration list for PBXProject "Bike V1.1" */ = {
			isa = XCConfigurationList;
			buildConfigurations = (
				270FCB381D23405D003DFCF9 /* Debug */,
				270FCB391D23405D003DFCF9 /* Release */,
			);
			defaultConfigurationIsVisible = 0;
			defaultConfigurationName = Release;
		};
		270FCB3A1D23405D003DFCF9 /* Build configuration list for PBXNativeTarget "Bike V1.1" */ = {
			isa = XCConfigurationList;
			buildConfigurations = (
				270FCB3B1D23405D003DFCF9 /* Debug */,
				270FCB3C1D23405D003DFCF9 /* Release */,
			);
			defaultConfigurationIsVisible = 0;
			defaultConfigurationName = Release;
		};
		270FCB3D1D23405D003DFCF9 /* Build configuration list for PBXNativeTarget "Bike V1.1Tests" */ = {
			isa = XCConfigurationList;
			buildConfigurations = (
				270FCB3E1D23405D003DFCF9 /* Debug */,
				270FCB3F1D23405D003DFCF9 /* Release */,
			);
			defaultConfigurationIsVisible = 0;
			defaultConfigurationName = Release;
		};
/* End XCConfigurationList section */
	};
	rootObject = 270FCB151D23405D003DFCF9 /* Project object */;
}
